Microsoft Visual Studio Solution File, Format Version 11.00
# Visual Studio 2008

Project("{5417F149-070C-11BD-555D-CE3C9EDC954E}") = "GridMovment", "Assembly-CSharp.csproj", "{79CEF99F-890F-007D-7B37-B526AF720818}"
EndProject
Global
	GlobalSection(SolutionConfigurationPlatforms) = preSolution
		Debug|Any CPU = Debug|Any CPU
		Release|Any CPU = Release|Any CPU
	EndGlobalSection
	GlobalSection(ProjectConfigurationPlatforms) = postSolution
		{79CEF99F-890F-007D-7B37-B526AF720818}.Debug|Any CPU.ActiveCfg = Debug|Any CPU
		{79CEF99F-890F-007D-7B37-B526AF720818}.Debug|Any CPU.Build.0 = Debug|Any CPU
		{79CEF99F-890F-007D-7B37-B526AF720818}.Release|Any CPU.ActiveCfg = Release|Any CPU
		{79CEF99F-890F-007D-7B37-B526AF720818}.Release|Any CPU.Build.0 = Release|Any CPU
	EndGlobalSection
	GlobalSection(SolutionProperties) = preSolution
		HideSolutionNode = FALSE
	EndGlobalSection
	GlobalSection(MonoDevelopProperties) = preSolution
		StartupItem = Assembly-CSharp.csproj
	EndGlobalSection
EndGlobal
