
Microsoft Visual Studio Solution File, Format Version 11.00
# Visual Studio 2010
Project("{FAE04EC0-301F-11D3-BF4B-00C04F79EFBC}") = "ProjectGlaz", "Assembly-CSharp.csproj", "{8B5664B6-B56A-BCD2-CFC2-ED42E47182F8}"
EndProject
Project("{FAE04EC0-301F-11D3-BF4B-00C04F79EFBC}") = "ProjectGlaz", "Assembly-CSharp-Editor.csproj", "{82E2ED1F-39CF-1D7F-D7B8-53E700503F17}"
EndProject
Global
	GlobalSection(SolutionConfigurationPlatforms) = preSolution
		Debug|Any CPU = Debug|Any CPU
		Release|Any CPU = Release|Any CPU
	EndGlobalSection
	GlobalSection(ProjectConfigurationPlatforms) = postSolution
		{8B5664B6-B56A-BCD2-CFC2-ED42E47182F8}.Debug|Any CPU.ActiveCfg = Debug|Any CPU
		{8B5664B6-B56A-BCD2-CFC2-ED42E47182F8}.Debug|Any CPU.Build.0 = Debug|Any CPU
		{8B5664B6-B56A-BCD2-CFC2-ED42E47182F8}.Release|Any CPU.ActiveCfg = Release|Any CPU
		{8B5664B6-B56A-BCD2-CFC2-ED42E47182F8}.Release|Any CPU.Build.0 = Release|Any CPU
		{82E2ED1F-39CF-1D7F-D7B8-53E700503F17}.Debug|Any CPU.ActiveCfg = Debug|Any CPU
		{82E2ED1F-39CF-1D7F-D7B8-53E700503F17}.Debug|Any CPU.Build.0 = Debug|Any CPU
		{82E2ED1F-39CF-1D7F-D7B8-53E700503F17}.Release|Any CPU.ActiveCfg = Release|Any CPU
		{82E2ED1F-39CF-1D7F-D7B8-53E700503F17}.Release|Any CPU.Build.0 = Release|Any CPU
	EndGlobalSection
	GlobalSection(SolutionProperties) = preSolution
		HideSolutionNode = FALSE
	EndGlobalSection
	GlobalSection(MonoDevelopProperties) = preSolution
		StartupItem = Assembly-CSharp.csproj
	EndGlobalSection
EndGlobal
