Microsoft Visual Studio Solution File, Format Version 11.00
# Visual Studio 2008

Project("{D29D389D-0601-77CB-DEE0-2DA83D50E3C9}") = "ProjectKrank", "Assembly-CSharp.csproj", "{DBBA1E15-41FF-0C06-638C-89A1C47F6E1F}"
EndProject
Global
	GlobalSection(SolutionConfigurationPlatforms) = preSolution
		Debug|Any CPU = Debug|Any CPU
		Release|Any CPU = Release|Any CPU
	EndGlobalSection
	GlobalSection(ProjectConfigurationPlatforms) = postSolution
		{DBBA1E15-41FF-0C06-638C-89A1C47F6E1F}.Debug|Any CPU.ActiveCfg = Debug|Any CPU
		{DBBA1E15-41FF-0C06-638C-89A1C47F6E1F}.Debug|Any CPU.Build.0 = Debug|Any CPU
		{DBBA1E15-41FF-0C06-638C-89A1C47F6E1F}.Release|Any CPU.ActiveCfg = Release|Any CPU
		{DBBA1E15-41FF-0C06-638C-89A1C47F6E1F}.Release|Any CPU.Build.0 = Release|Any CPU
	EndGlobalSection
	GlobalSection(SolutionProperties) = preSolution
		HideSolutionNode = FALSE
	EndGlobalSection
	GlobalSection(MonoDevelopProperties) = preSolution
		StartupItem = Assembly-CSharp.csproj
	EndGlobalSection
EndGlobal
